
Microsoft Visual Studio Solution File, Format Version 12.00
# Visual Studio Version 17
VisualStudioVersion = 17.1.32228.430
MinimumVisualStudioVersion = 10.0.40219.1
Project("{9A19103F-16F7-4668-BE54-9A1E7A4F7556}") = "SF_Test", "WindowsFormsApplication1\SF_Test.csproj", "{C0EC3A0F-88A9-434D-83AB-788BFFF26C8D}"
EndProject
Global
	GlobalSection(SolutionConfigurationPlatforms) = preSolution
		Debug|Any CPU = Debug|Any CPU
		Debug|x64 = Debug|x64
		Release|Any CPU = Release|Any CPU
		Release|x64 = Release|x64
		SensorCross|Any CPU = SensorCross|Any CPU
		SensorCross|x64 = SensorCross|x64
	EndGlobalSection
	GlobalSection(ProjectConfigurationPlatforms) = postSolution
		{C0EC3A0F-88A9-434D-83AB-788BFFF26C8D}.Debug|Any CPU.ActiveCfg = Debug|Any CPU
		{C0EC3A0F-88A9-434D-83AB-788BFFF26C8D}.Debug|Any CPU.Build.0 = Debug|Any CPU
		{C0EC3A0F-88A9-434D-83AB-788BFFF26C8D}.Debug|x64.ActiveCfg = Debug|Any CPU
		{C0EC3A0F-88A9-434D-83AB-788BFFF26C8D}.Debug|x64.Build.0 = Debug|Any CPU
		{C0EC3A0F-88A9-434D-83AB-788BFFF26C8D}.Release|Any CPU.ActiveCfg = Release|Any CPU
		{C0EC3A0F-88A9-434D-83AB-788BFFF26C8D}.Release|Any CPU.Build.0 = Release|Any CPU
		{C0EC3A0F-88A9-434D-83AB-788BFFF26C8D}.Release|x64.ActiveCfg = Release|x64
		{C0EC3A0F-88A9-434D-83AB-788BFFF26C8D}.Release|x64.Build.0 = Release|x64
		{C0EC3A0F-88A9-434D-83AB-788BFFF26C8D}.SensorCross|Any CPU.ActiveCfg = SensorCross|Any CPU
		{C0EC3A0F-88A9-434D-83AB-788BFFF26C8D}.SensorCross|Any CPU.Build.0 = SensorCross|Any CPU
		{C0EC3A0F-88A9-434D-83AB-788BFFF26C8D}.SensorCross|x64.ActiveCfg = Debug|Any CPU
		{C0EC3A0F-88A9-434D-83AB-788BFFF26C8D}.SensorCross|x64.Build.0 = Debug|Any CPU
	EndGlobalSection
	GlobalSection(SolutionProperties) = preSolution
		HideSolutionNode = FALSE
	EndGlobalSection
	GlobalSection(ExtensibilityGlobals) = postSolution
		SolutionGuid = {E3E88254-B66D-47C0-A954-259E4ECD2AA0}
	EndGlobalSection
EndGlobal
